
Microsoft Visual Studio Solution File, Format Version 12.00
# Visual Studio 14
VisualStudioVersion = 14.0.25420.1
MinimumVisualStudioVersion = 10.0.40219.1
Project("{FAE04EC0-301F-11D3-BF4B-00C04F79EFBC}") = "Wen.MyLog", "Wen.MyLog\Wen.MyLog.csproj", "{57329B25-EC70-42C9-B02E-89E4280C43F1}"
EndProject
Project("{FAE04EC0-301F-11D3-BF4B-00C04F79EFBC}") = "Wen.MyLog.ConsoleApp", "Wen.MyLog.ConsoleApp\Wen.MyLog.ConsoleApp.csproj", "{77973AD4-62DD-4D8A-B54B-D77B02BEA18D}"
EndProject
Global
	GlobalSection(SolutionConfigurationPlatforms) = preSolution
		Debug|Any CPU = Debug|Any CPU
		Release|Any CPU = Release|Any CPU
	EndGlobalSection
	GlobalSection(ProjectConfigurationPlatforms) = postSolution
		{57329B25-EC70-42C9-B02E-89E4280C43F1}.Debug|Any CPU.ActiveCfg = Debug|Any CPU
		{57329B25-EC70-42C9-B02E-89E4280C43F1}.Debug|Any CPU.Build.0 = Debug|Any CPU
		{57329B25-EC70-42C9-B02E-89E4280C43F1}.Release|Any CPU.ActiveCfg = Release|Any CPU
		{57329B25-EC70-42C9-B02E-89E4280C43F1}.Release|Any CPU.Build.0 = Release|Any CPU
		{77973AD4-62DD-4D8A-B54B-D77B02BEA18D}.Debug|Any CPU.ActiveCfg = Debug|Any CPU
		{77973AD4-62DD-4D8A-B54B-D77B02BEA18D}.Debug|Any CPU.Build.0 = Debug|Any CPU
		{77973AD4-62DD-4D8A-B54B-D77B02BEA18D}.Release|Any CPU.ActiveCfg = Release|Any CPU
		{77973AD4-62DD-4D8A-B54B-D77B02BEA18D}.Release|Any CPU.Build.0 = Release|Any CPU
	EndGlobalSection
	GlobalSection(SolutionProperties) = preSolution
		HideSolutionNode = FALSE
	EndGlobalSection
EndGlobal
